
Microsoft Visual Studio Solution File, Format Version 12.00
# Visual Studio Version 16
VisualStudioVersion = 16.0.30114.105
MinimumVisualStudioVersion = 10.0.40219.1
Project("{FAE04EC0-301F-11D3-BF4B-00C04F79EFBC}") = "test_DynaJson", "test_DynaJson.csproj", "{3C12DBA7-9F37-4F89-8FD5-B6786ED683CF}"
EndProject
Global
	GlobalSection(SolutionConfigurationPlatforms) = preSolution
		Debug|Any CPU = Debug|Any CPU
		Release|Any CPU = Release|Any CPU
	EndGlobalSection
	GlobalSection(ProjectConfigurationPlatforms) = postSolution
		{3C12DBA7-9F37-4F89-8FD5-B6786ED683CF}.Debug|Any CPU.ActiveCfg = Debug|Any CPU
		{3C12DBA7-9F37-4F89-8FD5-B6786ED683CF}.Debug|Any CPU.Build.0 = Debug|Any CPU
		{3C12DBA7-9F37-4F89-8FD5-B6786ED683CF}.Release|Any CPU.ActiveCfg = Release|Any CPU
		{3C12DBA7-9F37-4F89-8FD5-B6786ED683CF}.Release|Any CPU.Build.0 = Release|Any CPU
	EndGlobalSection
	GlobalSection(SolutionProperties) = preSolution
		HideSolutionNode = FALSE
	EndGlobalSection
	GlobalSection(ExtensibilityGlobals) = postSolution
		SolutionGuid = {D5841DD0-3205-498F-8894-942A73E881D6}
	EndGlobalSection
EndGlobal
