
Microsoft Visual Studio Solution File, Format Version 12.00
# Visual Studio Version 16
VisualStudioVersion = 16.0.30114.105
MinimumVisualStudioVersion = 10.0.40219.1
Project("{FAE04EC0-301F-11D3-BF4B-00C04F79EFBC}") = "test_Utf8Json", "test_Utf8Json.csproj", "{D61CDE9A-6C76-4723-8795-B7D7C22BB94C}"
EndProject
Global
	GlobalSection(SolutionConfigurationPlatforms) = preSolution
		Debug|Any CPU = Debug|Any CPU
		Release|Any CPU = Release|Any CPU
	EndGlobalSection
	GlobalSection(ProjectConfigurationPlatforms) = postSolution
		{D61CDE9A-6C76-4723-8795-B7D7C22BB94C}.Debug|Any CPU.ActiveCfg = Debug|Any CPU
		{D61CDE9A-6C76-4723-8795-B7D7C22BB94C}.Debug|Any CPU.Build.0 = Debug|Any CPU
		{D61CDE9A-6C76-4723-8795-B7D7C22BB94C}.Release|Any CPU.ActiveCfg = Release|Any CPU
		{D61CDE9A-6C76-4723-8795-B7D7C22BB94C}.Release|Any CPU.Build.0 = Release|Any CPU
	EndGlobalSection
	GlobalSection(SolutionProperties) = preSolution
		HideSolutionNode = FALSE
	EndGlobalSection
	GlobalSection(ExtensibilityGlobals) = postSolution
		SolutionGuid = {D4CEE934-098A-436A-916E-DEE4AE912CFE}
	EndGlobalSection
EndGlobal
